// !$*UTF8*$!
{
	archiveVersion = 1;
	classes = {
	};
	objectVersion = 50;
	objects = {

/* Begin PBXBuildFile section */
		AAC6FE22268A2E240040EB10 /* LaunchScreen.storyboard in Resources */ = {isa = PBXBuildFile; fileRef = AAC6FE21268A2E240040EB10 /* LaunchScreen.storyboard */; };
		AAC6FE24268A30DB0040EB10 /* LaunchView.swift in Sources */ = {isa = PBXBuildFile; fileRef = AAC6FE23268A30DB0040EB10 /* LaunchView.swift */; };
		AAC6FE27268A347C0040EB10 /* Maghrib-MVZpx.ttf in Resources */ = {isa = PBXBuildFile; fileRef = AAC6FE26268A347C0040EB10 /* Maghrib-MVZpx.ttf */; };
		AAC6FE2A268A39540040EB10 /* NetworkManager.swift in Sources */ = {isa = PBXBuildFile; fileRef = AAC6FE29268A39540040EB10 /* NetworkManager.swift */; };
		AAC6FE2D268A39AC0040EB10 /* HeroService.swift in Sources */ = {isa = PBXBuildFile; fileRef = AAC6FE2C268A39AC0040EB10 /* HeroService.swift */; };
		AAC6FE30268A39FD0040EB10 /* HeroModel.swift in Sources */ = {isa = PBXBuildFile; fileRef = AAC6FE2F268A39FD0040EB10 /* HeroModel.swift */; };
		AAC6FE33268A3BEA0040EB10 /* HomeViewModel.swift in Sources */ = {isa = PBXBuildFile; fileRef = AAC6FE32268A3BEA0040EB10 /* HomeViewModel.swift */; };
		AAC6FE36268A469A0040EB10 /* Environment.swift in Sources */ = {isa = PBXBuildFile; fileRef = AAC6FE35268A469A0040EB10 /* Environment.swift */; };
		AAC6FE3A268ACA860040EB10 /* HomeView.swift in Sources */ = {isa = PBXBuildFile; fileRef = AAC6FE39268ACA860040EB10 /* HomeView.swift */; };
		AAE0BF21268862760088903D /* Dota2ShowApp.swift in Sources */ = {isa = PBXBuildFile; fileRef = AAE0BF20268862760088903D /* Dota2ShowApp.swift */; };
		AAE0BF23268862760088903D /* ContentView.swift in Sources */ = {isa = PBXBuildFile; fileRef = AAE0BF22268862760088903D /* ContentView.swift */; };
		AAE0BF252688627A0088903D /* Assets.xcassets in Resources */ = {isa = PBXBuildFile; fileRef = AAE0BF242688627A0088903D /* Assets.xcassets */; };
		AAE0BF282688627A0088903D /* Preview Assets.xcassets in Resources */ = {isa = PBXBuildFile; fileRef = AAE0BF272688627A0088903D /* Preview Assets.xcassets */; };
/* End PBXBuildFile section */

/* Begin PBXFileReference section */
		AAC6FE21268A2E240040EB10 /* LaunchScreen.storyboard */ = {isa = PBXFileReference; lastKnownFileType = file.storyboard; path = LaunchScreen.storyboard; sourceTree = "<group>"; };
		AAC6FE23268A30DB0040EB10 /* LaunchView.swift */ = {isa = PBXFileReference; lastKnownFileType = sourcecode.swift; path = LaunchView.swift; sourceTree = "<group>"; };
		AAC6FE26268A347C0040EB10 /* Maghrib-MVZpx.ttf */ = {isa = PBXFileReference; lastKnownFileType = file; path = "Maghrib-MVZpx.ttf"; sourceTree = "<group>"; };
		AAC6FE29268A39540040EB10 /* NetworkManager.swift */ = {isa = PBXFileReference; lastKnownFileType = sourcecode.swift; path = NetworkManager.swift; sourceTree = "<group>"; };
		AAC6FE2C268A39AC0040EB10 /* HeroService.swift */ = {isa = PBXFileReference; lastKnownFileType = sourcecode.swift; path = HeroService.swift; sourceTree = "<group>"; };
		AAC6FE2F268A39FD0040EB10 /* HeroModel.swift */ = {isa = PBXFileReference; lastKnownFileType = sourcecode.swift; path = HeroModel.swift; sourceTree = "<group>"; };
		AAC6FE32268A3BEA0040EB10 /* HomeViewModel.swift */ = {isa = PBXFileReference; lastKnownFileType = sourcecode.swift; path = HomeViewModel.swift; sourceTree = "<group>"; };
		AAC6FE35268A469A0040EB10 /* Environment.swift */ = {isa = PBXFileReference; lastKnownFileType = sourcecode.swift; path = Environment.swift; sourceTree = "<group>"; };
		AAC6FE39268ACA860040EB10 /* HomeView.swift */ = {isa = PBXFileReference; lastKnownFileType = sourcecode.swift; path = HomeView.swift; sourceTree = "<group>"; };
		AAE0BF1D268862760088903D /* Dota2Show.app */ = {isa = PBXFileReference; explicitFileType = wrapper.application; includeInIndex = 0; path = Dota2Show.app; sourceTree = BUILT_PRODUCTS_DIR; };
		AAE0BF20268862760088903D /* Dota2ShowApp.swift */ = {isa = PBXFileReference; lastKnownFileType = sourcecode.swift; path = Dota2ShowApp.swift; sourceTree = "<group>"; };
		AAE0BF22268862760088903D /* ContentView.swift */ = {isa = PBXFileReference; lastKnownFileType = sourcecode.swift; path = ContentView.swift; sourceTree = "<group>"; };
		AAE0BF242688627A0088903D /* Assets.xcassets */ = {isa = PBXFileReference; lastKnownFileType = folder.assetcatalog; path = Assets.xcassets; sourceTree = "<group>"; };
		AAE0BF272688627A0088903D /* Preview Assets.xcassets */ = {isa = PBXFileReference; lastKnownFileType = folder.assetcatalog; path = "Preview Assets.xcassets"; sourceTree = "<group>"; };
		AAE0BF292688627A0088903D /* Info.plist */ = {isa = PBXFileReference; lastKnownFileType = text.plist.xml; path = Info.plist; sourceTree = "<group>"; };
/* End PBXFileReference section */

/* Begin PBXFrameworksBuildPhase section */
		AAE0BF1A268862760088903D /* Frameworks */ = {
			isa = PBXFrameworksBuildPhase;
			buildActionMask = 2147483647;
			files = (
			);
			runOnlyForDeploymentPostprocessing = 0;
		};
/* End PBXFrameworksBuildPhase section */

/* Begin PBXGroup section */
		AAC6FE20268A2E0E0040EB10 /* LaunchScreen */ = {
			isa = PBXGroup;
			children = (
				AAC6FE21268A2E240040EB10 /* LaunchScreen.storyboard */,
				AAC6FE23268A30DB0040EB10 /* LaunchView.swift */,
			);
			path = LaunchScreen;
			sourceTree = "<group>";
		};
		AAC6FE25268A346B0040EB10 /* Font */ = {
			isa = PBXGroup;
			children = (
				AAC6FE26268A347C0040EB10 /* Maghrib-MVZpx.ttf */,
			);
			path = Font;
			sourceTree = "<group>";
		};
		AAC6FE28268A393C0040EB10 /* Utilities */ = {
			isa = PBXGroup;
			children = (
				AAC6FE29268A39540040EB10 /* NetworkManager.swift */,
			);
			path = Utilities;
			sourceTree = "<group>";
		};
		AAC6FE2B268A398F0040EB10 /* Service */ = {
			isa = PBXGroup;
			children = (
				AAC6FE2C268A39AC0040EB10 /* HeroService.swift */,
			);
			path = Service;
			sourceTree = "<group>";
		};
		AAC6FE2E268A39EC0040EB10 /* Models */ = {
			isa = PBXGroup;
			children = (
				AAC6FE2F268A39FD0040EB10 /* HeroModel.swift */,
			);
			path = Models;
			sourceTree = "<group>";
		};
		AAC6FE31268A3BCF0040EB10 /* ViewModels */ = {
			isa = PBXGroup;
			children = (
				AAC6FE32268A3BEA0040EB10 /* HomeViewModel.swift */,
			);
			path = ViewModels;
			sourceTree = "<group>";
		};
		AAC6FE34268A468C0040EB10 /* extension */ = {
			isa = PBXGroup;
			children = (
				AAC6FE35268A469A0040EB10 /* Environment.swift */,
			);
			path = extension;
			sourceTree = "<group>";
		};
		AAC6FE37268ACA700040EB10 /* Home */ = {
			isa = PBXGroup;
			children = (
				AAC6FE38268ACA770040EB10 /* View */,
			);
			path = Home;
			sourceTree = "<group>";
		};
		AAC6FE38268ACA770040EB10 /* View */ = {
			isa = PBXGroup;
			children = (
				AAC6FE39268ACA860040EB10 /* HomeView.swift */,
			);
			path = View;
			sourceTree = "<group>";
		};
		AAE0BF14268862760088903D = {
			isa = PBXGroup;
			children = (
				AAE0BF1F268862760088903D /* Dota2Show */,
				AAE0BF1E268862760088903D /* Products */,
			);
			sourceTree = "<group>";
		};
		AAE0BF1E268862760088903D /* Products */ = {
			isa = PBXGroup;
			children = (
				AAE0BF1D268862760088903D /* Dota2Show.app */,
			);
			name = Products;
			sourceTree = "<group>";
		};
		AAE0BF1F268862760088903D /* Dota2Show */ = {
			isa = PBXGroup;
			children = (
				AAE0BF20268862760088903D /* Dota2ShowApp.swift */,
				AAC6FE37268ACA700040EB10 /* Home */,
				AAC6FE34268A468C0040EB10 /* extension */,
				AAC6FE2E268A39EC0040EB10 /* Models */,
				AAC6FE31268A3BCF0040EB10 /* ViewModels */,
				AAC6FE2B268A398F0040EB10 /* Service */,
				AAC6FE28268A393C0040EB10 /* Utilities */,
				AAC6FE25268A346B0040EB10 /* Font */,
				AAC6FE20268A2E0E0040EB10 /* LaunchScreen */,
				AAE0BF22268862760088903D /* ContentView.swift */,
				AAE0BF242688627A0088903D /* Assets.xcassets */,
				AAE0BF292688627A0088903D /* Info.plist */,
				AAE0BF262688627A0088903D /* Preview Content */,
			);
			path = Dota2Show;
			sourceTree = "<group>";
		};
		AAE0BF262688627A0088903D /* Preview Content */ = {
			isa = PBXGroup;
			children = (
				AAE0BF272688627A0088903D /* Preview Assets.xcassets */,
			);
			path = "Preview Content";
			sourceTree = "<group>";
		};
/* End PBXGroup section */

/* Begin PBXNativeTarget section */
		AAE0BF1C268862760088903D /* Dota2Show */ = {
			isa = PBXNativeTarget;
			buildConfigurationList = AAE0BF2C2688627A0088903D /* Build configuration list for PBXNativeTarget "Dota2Show" */;
			buildPhases = (
				AAE0BF19268862760088903D /* Sources */,
				AAE0BF1A268862760088903D /* Frameworks */,
				AAE0BF1B268862760088903D /* Resources */,
			);
			buildRules = (
			);
			dependencies = (
			);
			name = Dota2Show;
			productName = Dota2Show;
			productReference = AAE0BF1D268862760088903D /* Dota2Show.app */;
			productType = "com.apple.product-type.application";
		};
/* End PBXNativeTarget section */

/* Begin PBXProject section */
		AAE0BF15268862760088903D /* Project object */ = {
			isa = PBXProject;
			attributes = {
				LastSwiftUpdateCheck = 1250;
				LastUpgradeCheck = 1250;
				TargetAttributes = {
					AAE0BF1C268862760088903D = {
						CreatedOnToolsVersion = 12.5.1;
					};
				};
			};
			buildConfigurationList = AAE0BF18268862760088903D /* Build configuration list for PBXProject "Dota2Show" */;
			compatibilityVersion = "Xcode 9.3";
			developmentRegion = en;
			hasScannedForEncodings = 0;
			knownRegions = (
				en,
				Base,
			);
			mainGroup = AAE0BF14268862760088903D;
			productRefGroup = AAE0BF1E268862760088903D /* Products */;
			projectDirPath = "";
			projectRoot = "";
			targets = (
				AAE0BF1C268862760088903D /* Dota2Show */,
			);
		};
/* End PBXProject section */

/* Begin PBXResourcesBuildPhase section */
		AAE0BF1B268862760088903D /* Resources */ = {
			isa = PBXResourcesBuildPhase;
			buildActionMask = 2147483647;
			files = (
				AAC6FE22268A2E240040EB10 /* LaunchScreen.storyboard in Resources */,
				AAC6FE27268A347C0040EB10 /* Maghrib-MVZpx.ttf in Resources */,
				AAE0BF282688627A0088903D /* Preview Assets.xcassets in Resources */,
				AAE0BF252688627A0088903D /* Assets.xcassets in Resources */,
			);
			runOnlyForDeploymentPostprocessing = 0;
		};
/* End PBXResourcesBuildPhase section */

/* Begin PBXSourcesBuildPhase section */
		AAE0BF19268862760088903D /* Sources */ = {
			isa = PBXSourcesBuildPhase;
			buildActionMask = 2147483647;
			files = (
				AAC6FE3A268ACA860040EB10 /* HomeView.swift in Sources */,
				AAC6FE2A268A39540040EB10 /* NetworkManager.swift in Sources */,
				AAC6FE36268A469A0040EB10 /* Environment.swift in Sources */,
				AAC6FE2D268A39AC0040EB10 /* HeroService.swift in Sources */,
				AAC6FE33268A3BEA0040EB10 /* HomeViewModel.swift in Sources */,
				AAE0BF23268862760088903D /* ContentView.swift in Sources */,
				AAC6FE24268A30DB0040EB10 /* LaunchView.swift in Sources */,
				AAE0BF21268862760088903D /* Dota2ShowApp.swift in Sources */,
				AAC6FE30268A39FD0040EB10 /* HeroModel.swift in Sources */,
			);
			runOnlyForDeploymentPostprocessing = 0;
		};
/* End PBXSourcesBuildPhase section */

/* Begin XCBuildConfiguration section */
		AAE0BF2A2688627A0088903D /* Debug */ = {
			isa = XCBuildConfiguration;
			buildSettings = {
				ALWAYS_SEARCH_USER_PATHS = NO;
				CLANG_ANALYZER_NONNULL = YES;
				CLANG_ANALYZER_NUMBER_OBJECT_CONVERSION = YES_AGGRESSIVE;
				CLANG_CXX_LANGUAGE_STANDARD = "gnu++14";
				CLANG_CXX_LIBRARY = "libc++";
				CLANG_ENABLE_MODULES = YES;
				CLANG_ENABLE_OBJC_ARC = YES;
				CLANG_ENABLE_OBJC_WEAK = YES;
				CLANG_WARN_BLOCK_CAPTURE_AUTORELEASING = YES;
				CLANG_WARN_BOOL_CONVERSION = YES;
				CLANG_WARN_COMMA = YES;
				CLANG_WARN_CONSTANT_CONVERSION = YES;
				CLANG_WARN_DEPRECATED_OBJC_IMPLEMENTATIONS = YES;
				CLANG_WARN_DIRECT_OBJC_ISA_USAGE = YES_ERROR;
				CLANG_WARN_DOCUMENTATION_COMMENTS = YES;
				CLANG_WARN_EMPTY_BODY = YES;
				CLANG_WARN_ENUM_CONVERSION = YES;
				CLANG_WARN_INFINITE_RECURSION = YES;
				CLANG_WARN_INT_CONVERSION = YES;
				CLANG_WARN_NON_LITERAL_NULL_CONVERSION = YES;
				CLANG_WARN_OBJC_IMPLICIT_RETAIN_SELF = YES;
				CLANG_WARN_OBJC_LITERAL_CONVERSION = YES;
				CLANG_WARN_OBJC_ROOT_CLASS = YES_ERROR;
				CLANG_WARN_QUOTED_INCLUDE_IN_FRAMEWORK_HEADER = YES;
				CLANG_WARN_RANGE_LOOP_ANALYSIS = YES;
				CLANG_WARN_STRICT_PROTOTYPES = YES;
				CLANG_WARN_SUSPICIOUS_MOVE = YES;
				CLANG_WARN_UNGUARDED_AVAILABILITY = YES_AGGRESSIVE;
				CLANG_WARN_UNREACHABLE_CODE = YES;
				CLANG_WARN__DUPLICATE_METHOD_MATCH = YES;
				COPY_PHASE_STRIP = NO;
				DEBUG_INFORMATION_FORMAT = dwarf;
				ENABLE_STRICT_OBJC_MSGSEND = YES;
				ENABLE_TESTABILITY = YES;
				GCC_C_LANGUAGE_STANDARD = gnu11;
				GCC_DYNAMIC_NO_PIC = NO;
				GCC_NO_COMMON_BLOCKS = YES;
				GCC_OPTIMIZATION_LEVEL = 0;
				GCC_PREPROCESSOR_DEFINITIONS = (
					"DEBUG=1",
					"$(inherited)",
				);
				GCC_WARN_64_TO_32_BIT_CONVERSION = YES;
				GCC_WARN_ABOUT_RETURN_TYPE = YES_ERROR;
				GCC_WARN_UNDECLARED_SELECTOR = YES;
				GCC_WARN_UNINITIALIZED_AUTOS = YES_AGGRESSIVE;
				GCC_WARN_UNUSED_FUNCTION = YES;
				GCC_WARN_UNUSED_VARIABLE = YES;
				IPHONEOS_DEPLOYMENT_TARGET = 14.5;
				MTL_ENABLE_DEBUG_INFO = INCLUDE_SOURCE;
				MTL_FAST_MATH = YES;
				ONLY_ACTIVE_ARCH = YES;
				SDKROOT = iphoneos;
				SWIFT_ACTIVE_COMPILATION_CONDITIONS = DEBUG;
				SWIFT_OPTIMIZATION_LEVEL = "-Onone";
			};
			name = Debug;
		};
		AAE0BF2B2688627A0088903D /* Release */ = {
			isa = XCBuildConfiguration;
			buildSettings = {
				ALWAYS_SEARCH_USER_PATHS = NO;
				CLANG_ANALYZER_NONNULL = YES;
				CLANG_ANALYZER_NUMBER_OBJECT_CONVERSION = YES_AGGRESSIVE;
				CLANG_CXX_LANGUAGE_STANDARD = "gnu++14";
				CLANG_CXX_LIBRARY = "libc++";
				CLANG_ENABLE_MODULES = YES;
				CLANG_ENABLE_OBJC_ARC = YES;
				CLANG_ENABLE_OBJC_WEAK = YES;
				CLANG_WARN_BLOCK_CAPTURE_AUTORELEASING = YES;
				CLANG_WARN_BOOL_CONVERSION = YES;
				CLANG_WARN_COMMA = YES;
				CLANG_WARN_CONSTANT_CONVERSION = YES;
				CLANG_WARN_DEPRECATED_OBJC_IMPLEMENTATIONS = YES;
				CLANG_WARN_DIRECT_OBJC_ISA_USAGE = YES_ERROR;
				CLANG_WARN_DOCUMENTATION_COMMENTS = YES;
				CLANG_WARN_EMPTY_BODY = YES;
				CLANG_WARN_ENUM_CONVERSION = YES;
				CLANG_WARN_INFINITE_RECURSION = YES;
				CLANG_WARN_INT_CONVERSION = YES;
				CLANG_WARN_NON_LITERAL_NULL_CONVERSION = YES;
				CLANG_WARN_OBJC_IMPLICIT_RETAIN_SELF = YES;
				CLANG_WARN_OBJC_LITERAL_CONVERSION = YES;
				CLANG_WARN_OBJC_ROOT_CLASS = YES_ERROR;
				CLANG_WARN_QUOTED_INCLUDE_IN_FRAMEWORK_HEADER = YES;
				CLANG_WARN_RANGE_LOOP_ANALYSIS = YES;
				CLANG_WARN_STRICT_PROTOTYPES = YES;
				CLANG_WARN_SUSPICIOUS_MOVE = YES;
				CLANG_WARN_UNGUARDED_AVAILABILITY = YES_AGGRESSIVE;
				CLANG_WARN_UNREACHABLE_CODE = YES;
				CLANG_WARN__DUPLICATE_METHOD_MATCH = YES;
				COPY_PHASE_STRIP = NO;
				DEBUG_INFORMATION_FORMAT = "dwarf-with-dsym";
				ENABLE_NS_ASSERTIONS = NO;
				ENABLE_STRICT_OBJC_MSGSEND = YES;
				GCC_C_LANGUAGE_STANDARD = gnu11;
				GCC_NO_COMMON_BLOCKS = YES;
				GCC_WARN_64_TO_32_BIT_CONVERSION = YES;
				GCC_WARN_ABOUT_RETURN_TYPE = YES_ERROR;
				GCC_WARN_UNDECLARED_SELECTOR = YES;
				GCC_WARN_UNINITIALIZED_AUTOS = YES_AGGRESSIVE;
				GCC_WARN_UNUSED_FUNCTION = YES;
				GCC_WARN_UNUSED_VARIABLE = YES;
				IPHONEOS_DEPLOYMENT_TARGET = 14.5;
				MTL_ENABLE_DEBUG_INFO = NO;
				MTL_FAST_MATH = YES;
				SDKROOT = iphoneos;
				SWIFT_COMPILATION_MODE = wholemodule;
				SWIFT_OPTIMIZATION_LEVEL = "-O";
				VALIDATE_PRODUCT = YES;
			};
			name = Release;
		};
		AAE0BF2D2688627A0088903D /* Debug */ = {
			isa = XCBuildConfiguration;
			buildSettings = {
				ASSETCATALOG_COMPILER_APPICON_NAME = AppIcon;
				ASSETCATALOG_COMPILER_GLOBAL_ACCENT_COLOR_NAME = AccentColor;
				CODE_SIGN_STYLE = Automatic;
				DEVELOPMENT_ASSET_PATHS = "\"Dota2Show/Preview Content\"";
				DEVELOPMENT_TEAM = LHAYGSB5VA;
				ENABLE_PREVIEWS = YES;
				INFOPLIST_FILE = Dota2Show/Info.plist;
				IPHONEOS_DEPLOYMENT_TARGET = 14.0;
				LD_RUNPATH_SEARCH_PATHS = (
					"$(inherited)",
					"@executable_path/Frameworks",
				);
				PRODUCT_BUNDLE_IDENTIFIER = com.chr1s78.Dota2Show;
				PRODUCT_NAME = "$(TARGET_NAME)";
				SWIFT_VERSION = 5.0;
				TARGETED_DEVICE_FAMILY = "1,2";
			};
			name = Debug;
		};
		AAE0BF2E2688627A0088903D /* Release */ = {
			isa = XCBuildConfiguration;
			buildSettings = {
				ASSETCATALOG_COMPILER_APPICON_NAME = AppIcon;
				ASSETCATALOG_COMPILER_GLOBAL_ACCENT_COLOR_NAME = AccentColor;
				CODE_SIGN_STYLE = Automatic;
				DEVELOPMENT_ASSET_PATHS = "\"Dota2Show/Preview Content\"";
				DEVELOPMENT_TEAM = LHAYGSB5VA;
				ENABLE_PREVIEWS = YES;
				INFOPLIST_FILE = Dota2Show/Info.plist;
				IPHONEOS_DEPLOYMENT_TARGET = 14.0;
				LD_RUNPATH_SEARCH_PATHS = (
					"$(inherited)",
					"@executable_path/Frameworks",
				);
				PRODUCT_BUNDLE_IDENTIFIER = com.chr1s78.Dota2Show;
				PRODUCT_NAME = "$(TARGET_NAME)";
				SWIFT_VERSION = 5.0;
				TARGETED_DEVICE_FAMILY = "1,2";
			};
			name = Release;
		};
/* End XCBuildConfiguration section */

/* Begin XCConfigurationList section */
		AAE0BF18268862760088903D /* Build configuration list for PBXProject "Dota2Show" */ = {
			isa = XCConfigurationList;
			buildConfigurations = (
				AAE0BF2A2688627A0088903D /* Debug */,
				AAE0BF2B2688627A0088903D /* Release */,
			);
			defaultConfigurationIsVisible = 0;
			defaultConfigurationName = Release;
		};
		AAE0BF2C2688627A0088903D /* Build configuration list for PBXNativeTarget "Dota2Show" */ = {
			isa = XCConfigurationList;
			buildConfigurations = (
				AAE0BF2D2688627A0088903D /* Debug */,
				AAE0BF2E2688627A0088903D /* Release */,
			);
			defaultConfigurationIsVisible = 0;
			defaultConfigurationName = Release;
		};
/* End XCConfigurationList section */
	};
	rootObject = AAE0BF15268862760088903D /* Project object */;
}
